
Microsoft Visual Studio Solution File, Format Version 12.00
# Visual Studio Version 17
VisualStudioVersion = 17.3.32825.248
MinimumVisualStudioVersion = 10.0.40219.1
Project("{8BC9CEB8-8B4A-11D0-8D11-00A0C91BC942}") = "Hw1Part3", "Hw1Part3\Hw1Part3.vcxproj", "{A5518C1F-18AE-484A-87C5-046C05AA3987}"
EndProject
Global
	GlobalSection(SolutionConfigurationPlatforms) = preSolution
		Debug|x64 = Debug|x64
		Debug|x86 = Debug|x86
		Release|x64 = Release|x64
		Release|x86 = Release|x86
	EndGlobalSection
	GlobalSection(ProjectConfigurationPlatforms) = postSolution
		{A5518C1F-18AE-484A-87C5-046C05AA3987}.Debug|x64.ActiveCfg = Debug|x64
		{A5518C1F-18AE-484A-87C5-046C05AA3987}.Debug|x64.Build.0 = Debug|x64
		{A5518C1F-18AE-484A-87C5-046C05AA3987}.Debug|x86.ActiveCfg = Debug|Win32
		{A5518C1F-18AE-484A-87C5-046C05AA3987}.Debug|x86.Build.0 = Debug|Win32
		{A5518C1F-18AE-484A-87C5-046C05AA3987}.Release|x64.ActiveCfg = Release|x64
		{A5518C1F-18AE-484A-87C5-046C05AA3987}.Release|x64.Build.0 = Release|x64
		{A5518C1F-18AE-484A-87C5-046C05AA3987}.Release|x86.ActiveCfg = Release|Win32
		{A5518C1F-18AE-484A-87C5-046C05AA3987}.Release|x86.Build.0 = Release|Win32
	EndGlobalSection
	GlobalSection(SolutionProperties) = preSolution
		HideSolutionNode = FALSE
	EndGlobalSection
	GlobalSection(ExtensibilityGlobals) = postSolution
		SolutionGuid = {9980CB79-0E75-4B0F-A229-1D997AD7D520}
	EndGlobalSection
EndGlobal
